
Microsoft Visual Studio Solution File, Format Version 12.00
# Visual Studio Version 17
VisualStudioVersion = 17.5.002.0
MinimumVisualStudioVersion = 10.0.40219.1
Project("{9A19103F-16F7-4668-BE54-9A1E7A4F7556}") = "taskmanager_api", "taskmanager_api.csproj", "{EEA790D1-903F-42FF-BC29-932B23CC68BD}"
EndProject
Global
	GlobalSection(SolutionConfigurationPlatforms) = preSolution
		Debug|Any CPU = Debug|Any CPU
		Release|Any CPU = Release|Any CPU
	EndGlobalSection
	GlobalSection(ProjectConfigurationPlatforms) = postSolution
		{EEA790D1-903F-42FF-BC29-932B23CC68BD}.Debug|Any CPU.ActiveCfg = Debug|Any CPU
		{EEA790D1-903F-42FF-BC29-932B23CC68BD}.Debug|Any CPU.Build.0 = Debug|Any CPU
		{EEA790D1-903F-42FF-BC29-932B23CC68BD}.Release|Any CPU.ActiveCfg = Release|Any CPU
		{EEA790D1-903F-42FF-BC29-932B23CC68BD}.Release|Any CPU.Build.0 = Release|Any CPU
	EndGlobalSection
	GlobalSection(SolutionProperties) = preSolution
		HideSolutionNode = FALSE
	EndGlobalSection
	GlobalSection(ExtensibilityGlobals) = postSolution
		SolutionGuid = {2EC61BBD-0078-494F-856E-0415707BD5DF}
	EndGlobalSection
EndGlobal
